// !$*UTF8*$!
{
	archiveVersion = 1;
	classes = {
	};
	objectVersion = 56;
	objects = {

/* Begin PBXBuildFile section */
		6F831E57297BBCF00030CD43 /* BZCore.swift in Sources */ = {isa = PBXBuildFile; fileRef = 6F831E56297BBCF00030CD43 /* BZCore.swift */; };
		BA0661B7B87CD56AD7D04A04 /* Pods_BZCore.framework in Frameworks */ = {isa = PBXBuildFile; fileRef = A33C0886764649EDE1C2C90B /* Pods_BZCore.framework */; };
/* End PBXBuildFile section */

/* Begin PBXCopyFilesBuildPhase section */
		6F831E51297BBCF00030CD43 /* CopyFiles */ = {
			isa = PBXCopyFilesBuildPhase;
			buildActionMask = 2147483647;
			dstPath = "include/$(PRODUCT_NAME)";
			dstSubfolderSpec = 16;
			files = (
			);
			runOnlyForDeploymentPostprocessing = 0;
		};
/* End PBXCopyFilesBuildPhase section */

/* Begin PBXFileReference section */
		4B5EC57C83DBF8655A4D727B /* Pods-BZCore.release.xcconfig */ = {isa = PBXFileReference; includeInIndex = 1; lastKnownFileType = text.xcconfig; name = "Pods-BZCore.release.xcconfig"; path = "Target Support Files/Pods-BZCore/Pods-BZCore.release.xcconfig"; sourceTree = "<group>"; };
		6F831E53297BBCF00030CD43 /* libBZCore.a */ = {isa = PBXFileReference; explicitFileType = archive.ar; includeInIndex = 0; path = libBZCore.a; sourceTree = BUILT_PRODUCTS_DIR; };
		6F831E56297BBCF00030CD43 /* BZCore.swift */ = {isa = PBXFileReference; lastKnownFileType = sourcecode.swift; path = BZCore.swift; sourceTree = "<group>"; };
		6F831E5D297BBD7B0030CD43 /* BZCore.podspec */ = {isa = PBXFileReference; explicitFileType = text.script.ruby; fileEncoding = 4; path = BZCore.podspec; sourceTree = "<group>"; };
		6F831E5E297BC02F0030CD43 /* LICENSE */ = {isa = PBXFileReference; lastKnownFileType = text; path = LICENSE; sourceTree = "<group>"; };
		A33C0886764649EDE1C2C90B /* Pods_BZCore.framework */ = {isa = PBXFileReference; explicitFileType = wrapper.framework; includeInIndex = 0; path = Pods_BZCore.framework; sourceTree = BUILT_PRODUCTS_DIR; };
		F95F07333FE968C1F83C446B /* Pods-BZCore.debug.xcconfig */ = {isa = PBXFileReference; includeInIndex = 1; lastKnownFileType = text.xcconfig; name = "Pods-BZCore.debug.xcconfig"; path = "Target Support Files/Pods-BZCore/Pods-BZCore.debug.xcconfig"; sourceTree = "<group>"; };
/* End PBXFileReference section */

/* Begin PBXFrameworksBuildPhase section */
		6F831E50297BBCF00030CD43 /* Frameworks */ = {
			isa = PBXFrameworksBuildPhase;
			buildActionMask = 2147483647;
			files = (
				BA0661B7B87CD56AD7D04A04 /* Pods_BZCore.framework in Frameworks */,
			);
			runOnlyForDeploymentPostprocessing = 0;
		};
/* End PBXFrameworksBuildPhase section */

/* Begin PBXGroup section */
		1353F60762F2511AD2FAB808 /* Pods */ = {
			isa = PBXGroup;
			children = (
				F95F07333FE968C1F83C446B /* Pods-BZCore.debug.xcconfig */,
				4B5EC57C83DBF8655A4D727B /* Pods-BZCore.release.xcconfig */,
			);
			path = Pods;
			sourceTree = "<group>";
		};
		5BB9C09F49E1960D19A1FB1C /* Frameworks */ = {
			isa = PBXGroup;
			children = (
				A33C0886764649EDE1C2C90B /* Pods_BZCore.framework */,
			);
			name = Frameworks;
			sourceTree = "<group>";
		};
		6F831E4A297BBCF00030CD43 = {
			isa = PBXGroup;
			children = (
				6F831E5E297BC02F0030CD43 /* LICENSE */,
				6F831E5D297BBD7B0030CD43 /* BZCore.podspec */,
				6F831E55297BBCF00030CD43 /* BZCore */,
				6F831E54297BBCF00030CD43 /* Products */,
				1353F60762F2511AD2FAB808 /* Pods */,
				5BB9C09F49E1960D19A1FB1C /* Frameworks */,
			);
			sourceTree = "<group>";
		};
		6F831E54297BBCF00030CD43 /* Products */ = {
			isa = PBXGroup;
			children = (
				6F831E53297BBCF00030CD43 /* libBZCore.a */,
			);
			name = Products;
			sourceTree = "<group>";
		};
		6F831E55297BBCF00030CD43 /* BZCore */ = {
			isa = PBXGroup;
			children = (
				6F831E56297BBCF00030CD43 /* BZCore.swift */,
			);
			path = BZCore;
			sourceTree = "<group>";
		};
/* End PBXGroup section */

/* Begin PBXNativeTarget section */
		6F831E52297BBCF00030CD43 /* BZCore */ = {
			isa = PBXNativeTarget;
			buildConfigurationList = 6F831E5A297BBCF00030CD43 /* Build configuration list for PBXNativeTarget "BZCore" */;
			buildPhases = (
				00A5ED7F969FB1E7BF392AEF /* [CP] Check Pods Manifest.lock */,
				6F831E4F297BBCF00030CD43 /* Sources */,
				6F831E50297BBCF00030CD43 /* Frameworks */,
				6F831E51297BBCF00030CD43 /* CopyFiles */,
			);
			buildRules = (
			);
			dependencies = (
			);
			name = BZCore;
			productName = BZCore;
			productReference = 6F831E53297BBCF00030CD43 /* libBZCore.a */;
			productType = "com.apple.product-type.library.static";
		};
/* End PBXNativeTarget section */

/* Begin PBXProject section */
		6F831E4B297BBCF00030CD43 /* Project object */ = {
			isa = PBXProject;
			attributes = {
				BuildIndependentTargetsInParallel = 1;
				LastSwiftUpdateCheck = 1420;
				LastUpgradeCheck = 1420;
				TargetAttributes = {
					6F831E52297BBCF00030CD43 = {
						CreatedOnToolsVersion = 14.2;
					};
				};
			};
			buildConfigurationList = 6F831E4E297BBCF00030CD43 /* Build configuration list for PBXProject "BZCore" */;
			compatibilityVersion = "Xcode 14.0";
			developmentRegion = en;
			hasScannedForEncodings = 0;
			knownRegions = (
				en,
				Base,
			);
			mainGroup = 6F831E4A297BBCF00030CD43;
			productRefGroup = 6F831E54297BBCF00030CD43 /* Products */;
			projectDirPath = "";
			projectRoot = "";
			targets = (
				6F831E52297BBCF00030CD43 /* BZCore */,
			);
		};
/* End PBXProject section */

/* Begin PBXShellScriptBuildPhase section */
		00A5ED7F969FB1E7BF392AEF /* [CP] Check Pods Manifest.lock */ = {
			isa = PBXShellScriptBuildPhase;
			buildActionMask = 2147483647;
			files = (
			);
			inputFileListPaths = (
			);
			inputPaths = (
				"${PODS_PODFILE_DIR_PATH}/Podfile.lock",
				"${PODS_ROOT}/Manifest.lock",
			);
			name = "[CP] Check Pods Manifest.lock";
			outputFileListPaths = (
			);
			outputPaths = (
				"$(DERIVED_FILE_DIR)/Pods-BZCore-checkManifestLockResult.txt",
			);
			runOnlyForDeploymentPostprocessing = 0;
			shellPath = /bin/sh;
			shellScript = "diff \"${PODS_PODFILE_DIR_PATH}/Podfile.lock\" \"${PODS_ROOT}/Manifest.lock\" > /dev/null\nif [ $? != 0 ] ; then\n    # print error to STDERR\n    echo \"error: The sandbox is not in sync with the Podfile.lock. Run 'pod install' or update your CocoaPods installation.\" >&2\n    exit 1\nfi\n# This output is used by Xcode 'outputs' to avoid re-running this script phase.\necho \"SUCCESS\" > \"${SCRIPT_OUTPUT_FILE_0}\"\n";
			showEnvVarsInLog = 0;
		};
/* End PBXShellScriptBuildPhase section */

/* Begin PBXSourcesBuildPhase section */
		6F831E4F297BBCF00030CD43 /* Sources */ = {
			isa = PBXSourcesBuildPhase;
			buildActionMask = 2147483647;
			files = (
				6F831E57297BBCF00030CD43 /* BZCore.swift in Sources */,
			);
			runOnlyForDeploymentPostprocessing = 0;
		};
/* End PBXSourcesBuildPhase section */

/* Begin XCBuildConfiguration section */
		6F831E58297BBCF00030CD43 /* Debug */ = {
			isa = XCBuildConfiguration;
			buildSettings = {
				ALWAYS_SEARCH_USER_PATHS = NO;
				CLANG_ANALYZER_NONNULL = YES;
				CLANG_ANALYZER_NUMBER_OBJECT_CONVERSION = YES_AGGRESSIVE;
				CLANG_CXX_LANGUAGE_STANDARD = "gnu++20";
				CLANG_ENABLE_MODULES = YES;
				CLANG_ENABLE_OBJC_ARC = YES;
				CLANG_ENABLE_OBJC_WEAK = YES;
				CLANG_WARN_BLOCK_CAPTURE_AUTORELEASING = YES;
				CLANG_WARN_BOOL_CONVERSION = YES;
				CLANG_WARN_COMMA = YES;
				CLANG_WARN_CONSTANT_CONVERSION = YES;
				CLANG_WARN_DEPRECATED_OBJC_IMPLEMENTATIONS = YES;
				CLANG_WARN_DIRECT_OBJC_ISA_USAGE = YES_ERROR;
				CLANG_WARN_DOCUMENTATION_COMMENTS = YES;
				CLANG_WARN_EMPTY_BODY = YES;
				CLANG_WARN_ENUM_CONVERSION = YES;
				CLANG_WARN_INFINITE_RECURSION = YES;
				CLANG_WARN_INT_CONVERSION = YES;
				CLANG_WARN_NON_LITERAL_NULL_CONVERSION = YES;
				CLANG_WARN_OBJC_IMPLICIT_RETAIN_SELF = YES;
				CLANG_WARN_OBJC_LITERAL_CONVERSION = YES;
				CLANG_WARN_OBJC_ROOT_CLASS = YES_ERROR;
				CLANG_WARN_QUOTED_INCLUDE_IN_FRAMEWORK_HEADER = YES;
				CLANG_WARN_RANGE_LOOP_ANALYSIS = YES;
				CLANG_WARN_STRICT_PROTOTYPES = YES;
				CLANG_WARN_SUSPICIOUS_MOVE = YES;
				CLANG_WARN_UNGUARDED_AVAILABILITY = YES_AGGRESSIVE;
				CLANG_WARN_UNREACHABLE_CODE = YES;
				CLANG_WARN__DUPLICATE_METHOD_MATCH = YES;
				COPY_PHASE_STRIP = NO;
				DEBUG_INFORMATION_FORMAT = dwarf;
				ENABLE_STRICT_OBJC_MSGSEND = YES;
				ENABLE_TESTABILITY = YES;
				GCC_C_LANGUAGE_STANDARD = gnu11;
				GCC_DYNAMIC_NO_PIC = NO;
				GCC_NO_COMMON_BLOCKS = YES;
				GCC_OPTIMIZATION_LEVEL = 0;
				GCC_PREPROCESSOR_DEFINITIONS = (
					"DEBUG=1",
					"$(inherited)",
				);
				GCC_WARN_64_TO_32_BIT_CONVERSION = YES;
				GCC_WARN_ABOUT_RETURN_TYPE = YES_ERROR;
				GCC_WARN_UNDECLARED_SELECTOR = YES;
				GCC_WARN_UNINITIALIZED_AUTOS = YES_AGGRESSIVE;
				GCC_WARN_UNUSED_FUNCTION = YES;
				GCC_WARN_UNUSED_VARIABLE = YES;
				IPHONEOS_DEPLOYMENT_TARGET = 16.2;
				MTL_ENABLE_DEBUG_INFO = INCLUDE_SOURCE;
				MTL_FAST_MATH = YES;
				ONLY_ACTIVE_ARCH = YES;
				SDKROOT = iphoneos;
				SWIFT_ACTIVE_COMPILATION_CONDITIONS = DEBUG;
				SWIFT_OPTIMIZATION_LEVEL = "-Onone";
			};
			name = Debug;
		};
		6F831E59297BBCF00030CD43 /* Release */ = {
			isa = XCBuildConfiguration;
			buildSettings = {
				ALWAYS_SEARCH_USER_PATHS = NO;
				CLANG_ANALYZER_NONNULL = YES;
				CLANG_ANALYZER_NUMBER_OBJECT_CONVERSION = YES_AGGRESSIVE;
				CLANG_CXX_LANGUAGE_STANDARD = "gnu++20";
				CLANG_ENABLE_MODULES = YES;
				CLANG_ENABLE_OBJC_ARC = YES;
				CLANG_ENABLE_OBJC_WEAK = YES;
				CLANG_WARN_BLOCK_CAPTURE_AUTORELEASING = YES;
				CLANG_WARN_BOOL_CONVERSION = YES;
				CLANG_WARN_COMMA = YES;
				CLANG_WARN_CONSTANT_CONVERSION = YES;
				CLANG_WARN_DEPRECATED_OBJC_IMPLEMENTATIONS = YES;
				CLANG_WARN_DIRECT_OBJC_ISA_USAGE = YES_ERROR;
				CLANG_WARN_DOCUMENTATION_COMMENTS = YES;
				CLANG_WARN_EMPTY_BODY = YES;
				CLANG_WARN_ENUM_CONVERSION = YES;
				CLANG_WARN_INFINITE_RECURSION = YES;
				CLANG_WARN_INT_CONVERSION = YES;
				CLANG_WARN_NON_LITERAL_NULL_CONVERSION = YES;
				CLANG_WARN_OBJC_IMPLICIT_RETAIN_SELF = YES;
				CLANG_WARN_OBJC_LITERAL_CONVERSION = YES;
				CLANG_WARN_OBJC_ROOT_CLASS = YES_ERROR;
				CLANG_WARN_QUOTED_INCLUDE_IN_FRAMEWORK_HEADER = YES;
				CLANG_WARN_RANGE_LOOP_ANALYSIS = YES;
				CLANG_WARN_STRICT_PROTOTYPES = YES;
				CLANG_WARN_SUSPICIOUS_MOVE = YES;
				CLANG_WARN_UNGUARDED_AVAILABILITY = YES_AGGRESSIVE;
				CLANG_WARN_UNREACHABLE_CODE = YES;
				CLANG_WARN__DUPLICATE_METHOD_MATCH = YES;
				COPY_PHASE_STRIP = NO;
				DEBUG_INFORMATION_FORMAT = "dwarf-with-dsym";
				ENABLE_NS_ASSERTIONS = NO;
				ENABLE_STRICT_OBJC_MSGSEND = YES;
				GCC_C_LANGUAGE_STANDARD = gnu11;
				GCC_NO_COMMON_BLOCKS = YES;
				GCC_WARN_64_TO_32_BIT_CONVERSION = YES;
				GCC_WARN_ABOUT_RETURN_TYPE = YES_ERROR;
				GCC_WARN_UNDECLARED_SELECTOR = YES;
				GCC_WARN_UNINITIALIZED_AUTOS = YES_AGGRESSIVE;
				GCC_WARN_UNUSED_FUNCTION = YES;
				GCC_WARN_UNUSED_VARIABLE = YES;
				IPHONEOS_DEPLOYMENT_TARGET = 16.2;
				MTL_ENABLE_DEBUG_INFO = NO;
				MTL_FAST_MATH = YES;
				SDKROOT = iphoneos;
				SWIFT_COMPILATION_MODE = wholemodule;
				SWIFT_OPTIMIZATION_LEVEL = "-O";
				VALIDATE_PRODUCT = YES;
			};
			name = Release;
		};
		6F831E5B297BBCF00030CD43 /* Debug */ = {
			isa = XCBuildConfiguration;
			baseConfigurationReference = F95F07333FE968C1F83C446B /* Pods-BZCore.debug.xcconfig */;
			buildSettings = {
				CODE_SIGN_STYLE = Automatic;
				DEVELOPMENT_TEAM = ZA95U3H7TM;
				OTHER_LDFLAGS = "-ObjC";
				PRODUCT_NAME = "$(TARGET_NAME)";
				SKIP_INSTALL = YES;
				SWIFT_VERSION = 5.0;
				TARGETED_DEVICE_FAMILY = "1,2";
			};
			name = Debug;
		};
		6F831E5C297BBCF00030CD43 /* Release */ = {
			isa = XCBuildConfiguration;
			baseConfigurationReference = 4B5EC57C83DBF8655A4D727B /* Pods-BZCore.release.xcconfig */;
			buildSettings = {
				CODE_SIGN_STYLE = Automatic;
				DEVELOPMENT_TEAM = ZA95U3H7TM;
				OTHER_LDFLAGS = "-ObjC";
				PRODUCT_NAME = "$(TARGET_NAME)";
				SKIP_INSTALL = YES;
				SWIFT_VERSION = 5.0;
				TARGETED_DEVICE_FAMILY = "1,2";
			};
			name = Release;
		};
/* End XCBuildConfiguration section */

/* Begin XCConfigurationList section */
		6F831E4E297BBCF00030CD43 /* Build configuration list for PBXProject "BZCore" */ = {
			isa = XCConfigurationList;
			buildConfigurations = (
				6F831E58297BBCF00030CD43 /* Debug */,
				6F831E59297BBCF00030CD43 /* Release */,
			);
			defaultConfigurationIsVisible = 0;
			defaultConfigurationName = Release;
		};
		6F831E5A297BBCF00030CD43 /* Build configuration list for PBXNativeTarget "BZCore" */ = {
			isa = XCConfigurationList;
			buildConfigurations = (
				6F831E5B297BBCF00030CD43 /* Debug */,
				6F831E5C297BBCF00030CD43 /* Release */,
			);
			defaultConfigurationIsVisible = 0;
			defaultConfigurationName = Release;
		};
/* End XCConfigurationList section */
	};
	rootObject = 6F831E4B297BBCF00030CD43 /* Project object */;
}
